// !$*UTF8*$!
{
	archiveVersion = 1;
	classes = {
	};
	objectVersion = 46;
	objects = {

/* Begin PBXBuildFile section */
		0231BE1E849D43E91CBE9421 /* Pods_NighTTime_Prot.framework in Frameworks */ = {isa = PBXBuildFile; fileRef = 46A3B7FFFDBB8AC071185800 /* Pods_NighTTime_Prot.framework */; };
		AC0FA41E1AD5EA1D00375765 /* AppDelegate.swift in Sources */ = {isa = PBXBuildFile; fileRef = AC0FA41D1AD5EA1D00375765 /* AppDelegate.swift */; };
		AC0FA4201AD5EA1D00375765 /* ViewController.swift in Sources */ = {isa = PBXBuildFile; fileRef = AC0FA41F1AD5EA1D00375765 /* ViewController.swift */; };
		AC0FA4231AD5EA1D00375765 /* Main.storyboard in Resources */ = {isa = PBXBuildFile; fileRef = AC0FA4211AD5EA1D00375765 /* Main.storyboard */; };
		AC0FA4251AD5EA1D00375765 /* Images.xcassets in Resources */ = {isa = PBXBuildFile; fileRef = AC0FA4241AD5EA1D00375765 /* Images.xcassets */; };
		AC0FA4281AD5EA1D00375765 /* LaunchScreen.xib in Resources */ = {isa = PBXBuildFile; fileRef = AC0FA4261AD5EA1D00375765 /* LaunchScreen.xib */; };
		AC0FA4341AD5EA1D00375765 /* SlideoutMenuTests.swift in Sources */ = {isa = PBXBuildFile; fileRef = AC0FA4331AD5EA1D00375765 /* SlideoutMenuTests.swift */; };
		AC0FA4401AD5EAF900375765 /* SWRevealViewController.m in Sources */ = {isa = PBXBuildFile; fileRef = AC0FA43F1AD5EAF900375765 /* SWRevealViewController.m */; };
		AC0FA4421AD5ECD200375765 /* BackTableVC.swift in Sources */ = {isa = PBXBuildFile; fileRef = AC0FA4411AD5ECD200375765 /* BackTableVC.swift */; };
		AC0FA4441AD5F0C900375765 /* Hello.swift in Sources */ = {isa = PBXBuildFile; fileRef = AC0FA4431AD5F0C900375765 /* Hello.swift */; };
		AC0FA4461AD5F12600375765 /* Second.swift in Sources */ = {isa = PBXBuildFile; fileRef = AC0FA4451AD5F12600375765 /* Second.swift */; };
		F22FF8BB1C60CABE0004B7A9 /* DataService.swift in Sources */ = {isa = PBXBuildFile; fileRef = F22FF8BA1C60CABE0004B7A9 /* DataService.swift */; };
		F2753AC71C622C76004E7F90 /* Third.swift in Sources */ = {isa = PBXBuildFile; fileRef = F2753AC61C622C76004E7F90 /* Third.swift */; };
		F2753AC91C622C87004E7F90 /* Fourth.swift in Sources */ = {isa = PBXBuildFile; fileRef = F2753AC81C622C87004E7F90 /* Fourth.swift */; };
		F2D6E32F1C5F79EA00543641 /* MaterialView.swift in Sources */ = {isa = PBXBuildFile; fileRef = F2D6E32E1C5F79EA00543641 /* MaterialView.swift */; };
		F2D6E3321C5F7A5000543641 /* Constants.swift in Sources */ = {isa = PBXBuildFile; fileRef = F2D6E3311C5F7A5000543641 /* Constants.swift */; };
		F2D6E3341C5F7D9700543641 /* MaterialTextField.swift in Sources */ = {isa = PBXBuildFile; fileRef = F2D6E3331C5F7D9700543641 /* MaterialTextField.swift */; };
		F2D6E3391C5F89D600543641 /* Bolts.framework in Frameworks */ = {isa = PBXBuildFile; fileRef = F2D6E3361C5F89D600543641 /* Bolts.framework */; };
		F2D6E33A1C5F89D600543641 /* FBSDKCoreKit.framework in Frameworks */ = {isa = PBXBuildFile; fileRef = F2D6E3371C5F89D600543641 /* FBSDKCoreKit.framework */; };
		F2D6E33B1C5F89D600543641 /* FBSDKLoginKit.framework in Frameworks */ = {isa = PBXBuildFile; fileRef = F2D6E3381C5F89D600543641 /* FBSDKLoginKit.framework */; };
/* End PBXBuildFile section */

/* Begin PBXContainerItemProxy section */
		AC0FA42E1AD5EA1D00375765 /* PBXContainerItemProxy */ = {
			isa = PBXContainerItemProxy;
			containerPortal = AC0FA4101AD5EA1D00375765 /* Project object */;
			proxyType = 1;
			remoteGlobalIDString = AC0FA4171AD5EA1D00375765;
			remoteInfo = SlideoutMenu;
		};
/* End PBXContainerItemProxy section */

/* Begin PBXFileReference section */
		329945ED94EBDA169F1385D2 /* Pods-NighTTime-Prot.release.xcconfig */ = {isa = PBXFileReference; includeInIndex = 1; lastKnownFileType = text.xcconfig; name = "Pods-NighTTime-Prot.release.xcconfig"; path = "Pods/Target Support Files/Pods-NighTTime-Prot/Pods-NighTTime-Prot.release.xcconfig"; sourceTree = "<group>"; };
		46A3B7FFFDBB8AC071185800 /* Pods_NighTTime_Prot.framework */ = {isa = PBXFileReference; explicitFileType = wrapper.framework; includeInIndex = 0; path = Pods_NighTTime_Prot.framework; sourceTree = BUILT_PRODUCTS_DIR; };
		89D2749F6B5CAE01C63A1B9F /* Pods-NighTTime-Prot.debug.xcconfig */ = {isa = PBXFileReference; includeInIndex = 1; lastKnownFileType = text.xcconfig; name = "Pods-NighTTime-Prot.debug.xcconfig"; path = "Pods/Target Support Files/Pods-NighTTime-Prot/Pods-NighTTime-Prot.debug.xcconfig"; sourceTree = "<group>"; };
		AC0FA4181AD5EA1D00375765 /* NighTTime-Prot.app */ = {isa = PBXFileReference; explicitFileType = wrapper.application; includeInIndex = 0; path = "NighTTime-Prot.app"; sourceTree = BUILT_PRODUCTS_DIR; };
		AC0FA41C1AD5EA1D00375765 /* Info.plist */ = {isa = PBXFileReference; lastKnownFileType = text.plist.xml; path = Info.plist; sourceTree = "<group>"; };
		AC0FA41D1AD5EA1D00375765 /* AppDelegate.swift */ = {isa = PBXFileReference; lastKnownFileType = sourcecode.swift; path = AppDelegate.swift; sourceTree = "<group>"; };
		AC0FA41F1AD5EA1D00375765 /* ViewController.swift */ = {isa = PBXFileReference; lastKnownFileType = sourcecode.swift; path = ViewController.swift; sourceTree = "<group>"; };
		AC0FA4221AD5EA1D00375765 /* Base */ = {isa = PBXFileReference; lastKnownFileType = file.storyboard; name = Base; path = Base.lproj/Main.storyboard; sourceTree = "<group>"; };
		AC0FA4241AD5EA1D00375765 /* Images.xcassets */ = {isa = PBXFileReference; lastKnownFileType = folder.assetcatalog; path = Images.xcassets; sourceTree = "<group>"; };
		AC0FA4271AD5EA1D00375765 /* Base */ = {isa = PBXFileReference; lastKnownFileType = file.xib; name = Base; path = Base.lproj/LaunchScreen.xib; sourceTree = "<group>"; };
		AC0FA42D1AD5EA1D00375765 /* NighTTime-Prot.xctest */ = {isa = PBXFileReference; explicitFileType = wrapper.cfbundle; includeInIndex = 0; path = "NighTTime-Prot.xctest"; sourceTree = BUILT_PRODUCTS_DIR; };
		AC0FA4321AD5EA1D00375765 /* Info.plist */ = {isa = PBXFileReference; lastKnownFileType = text.plist.xml; path = Info.plist; sourceTree = "<group>"; };
		AC0FA4331AD5EA1D00375765 /* SlideoutMenuTests.swift */ = {isa = PBXFileReference; lastKnownFileType = sourcecode.swift; path = SlideoutMenuTests.swift; sourceTree = "<group>"; };
		AC0FA43D1AD5EAF800375765 /* SlideoutMenu-Bridging-Header.h */ = {isa = PBXFileReference; lastKnownFileType = sourcecode.c.h; path = "SlideoutMenu-Bridging-Header.h"; sourceTree = "<group>"; };
		AC0FA43E1AD5EAF900375765 /* SWRevealViewController.h */ = {isa = PBXFileReference; fileEncoding = 4; lastKnownFileType = sourcecode.c.h; path = SWRevealViewController.h; sourceTree = "<group>"; };
		AC0FA43F1AD5EAF900375765 /* SWRevealViewController.m */ = {isa = PBXFileReference; fileEncoding = 4; lastKnownFileType = sourcecode.c.objc; path = SWRevealViewController.m; sourceTree = "<group>"; };
		AC0FA4411AD5ECD200375765 /* BackTableVC.swift */ = {isa = PBXFileReference; fileEncoding = 4; lastKnownFileType = sourcecode.swift; path = BackTableVC.swift; sourceTree = "<group>"; };
		AC0FA4431AD5F0C900375765 /* Hello.swift */ = {isa = PBXFileReference; fileEncoding = 4; lastKnownFileType = sourcecode.swift; path = Hello.swift; sourceTree = "<group>"; };
		AC0FA4451AD5F12600375765 /* Second.swift */ = {isa = PBXFileReference; fileEncoding = 4; lastKnownFileType = sourcecode.swift; path = Second.swift; sourceTree = "<group>"; };
		F22FF8BA1C60CABE0004B7A9 /* DataService.swift */ = {isa = PBXFileReference; fileEncoding = 4; lastKnownFileType = sourcecode.swift; path = DataService.swift; sourceTree = "<group>"; };
		F2753AC61C622C76004E7F90 /* Third.swift */ = {isa = PBXFileReference; fileEncoding = 4; lastKnownFileType = sourcecode.swift; path = Third.swift; sourceTree = "<group>"; };
		F2753AC81C622C87004E7F90 /* Fourth.swift */ = {isa = PBXFileReference; fileEncoding = 4; lastKnownFileType = sourcecode.swift; path = Fourth.swift; sourceTree = "<group>"; };
		F2D6E32E1C5F79EA00543641 /* MaterialView.swift */ = {isa = PBXFileReference; fileEncoding = 4; lastKnownFileType = sourcecode.swift; path = MaterialView.swift; sourceTree = SOURCE_ROOT; };
		F2D6E3311C5F7A5000543641 /* Constants.swift */ = {isa = PBXFileReference; fileEncoding = 4; lastKnownFileType = sourcecode.swift; path = Constants.swift; sourceTree = "<group>"; };
		F2D6E3331C5F7D9700543641 /* MaterialTextField.swift */ = {isa = PBXFileReference; fileEncoding = 4; lastKnownFileType = sourcecode.swift; path = MaterialTextField.swift; sourceTree = SOURCE_ROOT; };
		F2D6E3361C5F89D600543641 /* Bolts.framework */ = {isa = PBXFileReference; lastKnownFileType = wrapper.framework; path = Bolts.framework; sourceTree = "<group>"; };
		F2D6E3371C5F89D600543641 /* FBSDKCoreKit.framework */ = {isa = PBXFileReference; lastKnownFileType = wrapper.framework; path = FBSDKCoreKit.framework; sourceTree = "<group>"; };
		F2D6E3381C5F89D600543641 /* FBSDKLoginKit.framework */ = {isa = PBXFileReference; lastKnownFileType = wrapper.framework; path = FBSDKLoginKit.framework; sourceTree = "<group>"; };
/* End PBXFileReference section */

/* Begin PBXFrameworksBuildPhase section */
		AC0FA4151AD5EA1D00375765 /* Frameworks */ = {
			isa = PBXFrameworksBuildPhase;
			buildActionMask = 2147483647;
			files = (
				F2D6E3391C5F89D600543641 /* Bolts.framework in Frameworks */,
				F2D6E33A1C5F89D600543641 /* FBSDKCoreKit.framework in Frameworks */,
				F2D6E33B1C5F89D600543641 /* FBSDKLoginKit.framework in Frameworks */,
				0231BE1E849D43E91CBE9421 /* Pods_NighTTime_Prot.framework in Frameworks */,
			);
			runOnlyForDeploymentPostprocessing = 0;
		};
		AC0FA42A1AD5EA1D00375765 /* Frameworks */ = {
			isa = PBXFrameworksBuildPhase;
			buildActionMask = 2147483647;
			files = (
			);
			runOnlyForDeploymentPostprocessing = 0;
		};
/* End PBXFrameworksBuildPhase section */

/* Begin PBXGroup section */
		1822AE07079D0757E3B1FD61 /* Pods */ = {
			isa = PBXGroup;
			children = (
				89D2749F6B5CAE01C63A1B9F /* Pods-NighTTime-Prot.debug.xcconfig */,
				329945ED94EBDA169F1385D2 /* Pods-NighTTime-Prot.release.xcconfig */,
			);
			name = Pods;
			sourceTree = "<group>";
		};
		6CAE65865F1205AE1A5F0F52 /* Frameworks */ = {
			isa = PBXGroup;
			children = (
				46A3B7FFFDBB8AC071185800 /* Pods_NighTTime_Prot.framework */,
			);
			name = Frameworks;
			sourceTree = "<group>";
		};
		AC0FA40F1AD5EA1D00375765 = {
			isa = PBXGroup;
			children = (
				AC0FA41A1AD5EA1D00375765 /* SlideoutMenu */,
				AC0FA4301AD5EA1D00375765 /* SlideoutMenuTests */,
				AC0FA4191AD5EA1D00375765 /* Products */,
				1822AE07079D0757E3B1FD61 /* Pods */,
				6CAE65865F1205AE1A5F0F52 /* Frameworks */,
			);
			sourceTree = "<group>";
		};
		AC0FA4191AD5EA1D00375765 /* Products */ = {
			isa = PBXGroup;
			children = (
				AC0FA4181AD5EA1D00375765 /* NighTTime-Prot.app */,
				AC0FA42D1AD5EA1D00375765 /* NighTTime-Prot.xctest */,
			);
			name = Products;
			sourceTree = "<group>";
		};
		AC0FA41A1AD5EA1D00375765 /* SlideoutMenu */ = {
			isa = PBXGroup;
			children = (
				F22FF8B91C60CA9B0004B7A9 /* Services */,
				F2D6E3351C5F89A600543641 /* Frameworks */,
				F2D6E3301C5F7A2000543641 /* Util */,
				F2D6E32D1C5F77B100543641 /* Model */,
				F2D6E32C1C5F77A300543641 /* Resources */,
				F2D6E32B1C5F779600543641 /* Controller */,
				F2D6E32A1C5F778800543641 /* View */,
				AC0FA41D1AD5EA1D00375765 /* AppDelegate.swift */,
				AC0FA41F1AD5EA1D00375765 /* ViewController.swift */,
				AC0FA4211AD5EA1D00375765 /* Main.storyboard */,
				AC0FA4451AD5F12600375765 /* Second.swift */,
				AC0FA4431AD5F0C900375765 /* Hello.swift */,
				AC0FA4411AD5ECD200375765 /* BackTableVC.swift */,
				F2753AC61C622C76004E7F90 /* Third.swift */,
				F2753AC81C622C87004E7F90 /* Fourth.swift */,
				AC0FA4241AD5EA1D00375765 /* Images.xcassets */,
				AC0FA4261AD5EA1D00375765 /* LaunchScreen.xib */,
				AC0FA41B1AD5EA1D00375765 /* Supporting Files */,
			);
			path = SlideoutMenu;
			sourceTree = "<group>";
		};
		AC0FA41B1AD5EA1D00375765 /* Supporting Files */ = {
			isa = PBXGroup;
			children = (
				AC0FA43E1AD5EAF900375765 /* SWRevealViewController.h */,
				AC0FA43F1AD5EAF900375765 /* SWRevealViewController.m */,
				AC0FA41C1AD5EA1D00375765 /* Info.plist */,
				AC0FA43D1AD5EAF800375765 /* SlideoutMenu-Bridging-Header.h */,
			);
			name = "Supporting Files";
			sourceTree = "<group>";
		};
		AC0FA4301AD5EA1D00375765 /* SlideoutMenuTests */ = {
			isa = PBXGroup;
			children = (
				AC0FA4331AD5EA1D00375765 /* SlideoutMenuTests.swift */,
				AC0FA4311AD5EA1D00375765 /* Supporting Files */,
			);
			path = SlideoutMenuTests;
			sourceTree = "<group>";
		};
		AC0FA4311AD5EA1D00375765 /* Supporting Files */ = {
			isa = PBXGroup;
			children = (
				AC0FA4321AD5EA1D00375765 /* Info.plist */,
			);
			name = "Supporting Files";
			sourceTree = "<group>";
		};
		F22FF8B91C60CA9B0004B7A9 /* Services */ = {
			isa = PBXGroup;
			children = (
				F22FF8BA1C60CABE0004B7A9 /* DataService.swift */,
			);
			name = Services;
			sourceTree = "<group>";
		};
		F2D6E32A1C5F778800543641 /* View */ = {
			isa = PBXGroup;
			children = (
				F2D6E32E1C5F79EA00543641 /* MaterialView.swift */,
				F2D6E3331C5F7D9700543641 /* MaterialTextField.swift */,
			);
			name = View;
			sourceTree = "<group>";
		};
		F2D6E32B1C5F779600543641 /* Controller */ = {
			isa = PBXGroup;
			children = (
			);
			name = Controller;
			sourceTree = "<group>";
		};
		F2D6E32C1C5F77A300543641 /* Resources */ = {
			isa = PBXGroup;
			children = (
			);
			name = Resources;
			sourceTree = "<group>";
		};
		F2D6E32D1C5F77B100543641 /* Model */ = {
			isa = PBXGroup;
			children = (
			);
			name = Model;
			sourceTree = "<group>";
		};
		F2D6E3301C5F7A2000543641 /* Util */ = {
			isa = PBXGroup;
			children = (
				F2D6E3311C5F7A5000543641 /* Constants.swift */,
			);
			name = Util;
			sourceTree = "<group>";
		};
		F2D6E3351C5F89A600543641 /* Frameworks */ = {
			isa = PBXGroup;
			children = (
				F2D6E3361C5F89D600543641 /* Bolts.framework */,
				F2D6E3371C5F89D600543641 /* FBSDKCoreKit.framework */,
				F2D6E3381C5F89D600543641 /* FBSDKLoginKit.framework */,
			);
			name = Frameworks;
			sourceTree = "<group>";
		};
/* End PBXGroup section */

/* Begin PBXNativeTarget section */
		AC0FA4171AD5EA1D00375765 /* NighTTime-Prot */ = {
			isa = PBXNativeTarget;
			buildConfigurationList = AC0FA4371AD5EA1D00375765 /* Build configuration list for PBXNativeTarget "NighTTime-Prot" */;
			buildPhases = (
				9644AA05C42BE0387558D156 /* Check Pods Manifest.lock */,
				AC0FA4141AD5EA1D00375765 /* Sources */,
				AC0FA4151AD5EA1D00375765 /* Frameworks */,
				AC0FA4161AD5EA1D00375765 /* Resources */,
				223EDF772897D87A60328060 /* Embed Pods Frameworks */,
				D756DBF4FEA577674CB98BCA /* Copy Pods Resources */,
			);
			buildRules = (
			);
			dependencies = (
			);
			name = "NighTTime-Prot";
			productName = SlideoutMenu;
			productReference = AC0FA4181AD5EA1D00375765 /* NighTTime-Prot.app */;
			productType = "com.apple.product-type.application";
		};
		AC0FA42C1AD5EA1D00375765 /* NighTTime-ProtTests */ = {
			isa = PBXNativeTarget;
			buildConfigurationList = AC0FA43A1AD5EA1D00375765 /* Build configuration list for PBXNativeTarget "NighTTime-ProtTests" */;
			buildPhases = (
				AC0FA4291AD5EA1D00375765 /* Sources */,
				AC0FA42A1AD5EA1D00375765 /* Frameworks */,
				AC0FA42B1AD5EA1D00375765 /* Resources */,
			);
			buildRules = (
			);
			dependencies = (
				AC0FA42F1AD5EA1D00375765 /* PBXTargetDependency */,
			);
			name = "NighTTime-ProtTests";
			productName = SlideoutMenuTests;
			productReference = AC0FA42D1AD5EA1D00375765 /* NighTTime-Prot.xctest */;
			productType = "com.apple.product-type.bundle.unit-test";
		};
/* End PBXNativeTarget section */

/* Begin PBXProject section */
		AC0FA4101AD5EA1D00375765 /* Project object */ = {
			isa = PBXProject;
			attributes = {
				LastSwiftMigration = 0710;
				LastSwiftUpdateCheck = 0710;
				LastUpgradeCheck = 0620;
				ORGANIZATIONNAME = Archetapp;
				TargetAttributes = {
					AC0FA4171AD5EA1D00375765 = {
						CreatedOnToolsVersion = 6.2;
						DevelopmentTeam = V2X88KK3P4;
					};
					AC0FA42C1AD5EA1D00375765 = {
						CreatedOnToolsVersion = 6.2;
						TestTargetID = AC0FA4171AD5EA1D00375765;
					};
				};
			};
			buildConfigurationList = AC0FA4131AD5EA1D00375765 /* Build configuration list for PBXProject "NighTTime-Prot" */;
			compatibilityVersion = "Xcode 3.2";
			developmentRegion = English;
			hasScannedForEncodings = 0;
			knownRegions = (
				en,
				Base,
			);
			mainGroup = AC0FA40F1AD5EA1D00375765;
			productRefGroup = AC0FA4191AD5EA1D00375765 /* Products */;
			projectDirPath = "";
			projectRoot = "";
			targets = (
				AC0FA4171AD5EA1D00375765 /* NighTTime-Prot */,
				AC0FA42C1AD5EA1D00375765 /* NighTTime-ProtTests */,
			);
		};
/* End PBXProject section */

/* Begin PBXResourcesBuildPhase section */
		AC0FA4161AD5EA1D00375765 /* Resources */ = {
			isa = PBXResourcesBuildPhase;
			buildActionMask = 2147483647;
			files = (
				AC0FA4231AD5EA1D00375765 /* Main.storyboard in Resources */,
				AC0FA4281AD5EA1D00375765 /* LaunchScreen.xib in Resources */,
				AC0FA4251AD5EA1D00375765 /* Images.xcassets in Resources */,
			);
			runOnlyForDeploymentPostprocessing = 0;
		};
		AC0FA42B1AD5EA1D00375765 /* Resources */ = {
			isa = PBXResourcesBuildPhase;
			buildActionMask = 2147483647;
			files = (
			);
			runOnlyForDeploymentPostprocessing = 0;
		};
/* End PBXResourcesBuildPhase section */

/* Begin PBXShellScriptBuildPhase section */
		223EDF772897D87A60328060 /* Embed Pods Frameworks */ = {
			isa = PBXShellScriptBuildPhase;
			buildActionMask = 2147483647;
			files = (
			);
			inputPaths = (
			);
			name = "Embed Pods Frameworks";
			outputPaths = (
			);
			runOnlyForDeploymentPostprocessing = 0;
			shellPath = /bin/sh;
			shellScript = "\"${SRCROOT}/Pods/Target Support Files/Pods-NighTTime-Prot/Pods-NighTTime-Prot-frameworks.sh\"\n";
			showEnvVarsInLog = 0;
		};
		9644AA05C42BE0387558D156 /* Check Pods Manifest.lock */ = {
			isa = PBXShellScriptBuildPhase;
			buildActionMask = 2147483647;
			files = (
			);
			inputPaths = (
			);
			name = "Check Pods Manifest.lock";
			outputPaths = (
			);
			runOnlyForDeploymentPostprocessing = 0;
			shellPath = /bin/sh;
			shellScript = "diff \"${PODS_ROOT}/../Podfile.lock\" \"${PODS_ROOT}/Manifest.lock\" > /dev/null\nif [[ $? != 0 ]] ; then\n    cat << EOM\nerror: The sandbox is not in sync with the Podfile.lock. Run 'pod install' or update your CocoaPods installation.\nEOM\n    exit 1\nfi\n";
			showEnvVarsInLog = 0;
		};
		D756DBF4FEA577674CB98BCA /* Copy Pods Resources */ = {
			isa = PBXShellScriptBuildPhase;
			buildActionMask = 2147483647;
			files = (
			);
			inputPaths = (
			);
			name = "Copy Pods Resources";
			outputPaths = (
			);
			runOnlyForDeploymentPostprocessing = 0;
			shellPath = /bin/sh;
			shellScript = "\"${SRCROOT}/Pods/Target Support Files/Pods-NighTTime-Prot/Pods-NighTTime-Prot-resources.sh\"\n";
			showEnvVarsInLog = 0;
		};
/* End PBXShellScriptBuildPhase section */

/* Begin PBXSourcesBuildPhase section */
		AC0FA4141AD5EA1D00375765 /* Sources */ = {
			isa = PBXSourcesBuildPhase;
			buildActionMask = 2147483647;
			files = (
				AC0FA4201AD5EA1D00375765 /* ViewController.swift in Sources */,
				AC0FA41E1AD5EA1D00375765 /* AppDelegate.swift in Sources */,
				F2753AC71C622C76004E7F90 /* Third.swift in Sources */,
				AC0FA4421AD5ECD200375765 /* BackTableVC.swift in Sources */,
				AC0FA4441AD5F0C900375765 /* Hello.swift in Sources */,
				AC0FA4401AD5EAF900375765 /* SWRevealViewController.m in Sources */,
				F2D6E32F1C5F79EA00543641 /* MaterialView.swift in Sources */,
				F2753AC91C622C87004E7F90 /* Fourth.swift in Sources */,
				F2D6E3341C5F7D9700543641 /* MaterialTextField.swift in Sources */,
				AC0FA4461AD5F12600375765 /* Second.swift in Sources */,
				F2D6E3321C5F7A5000543641 /* Constants.swift in Sources */,
				F22FF8BB1C60CABE0004B7A9 /* DataService.swift in Sources */,
			);
			runOnlyForDeploymentPostprocessing = 0;
		};
		AC0FA4291AD5EA1D00375765 /* Sources */ = {
			isa = PBXSourcesBuildPhase;
			buildActionMask = 2147483647;
			files = (
				AC0FA4341AD5EA1D00375765 /* SlideoutMenuTests.swift in Sources */,
			);
			runOnlyForDeploymentPostprocessing = 0;
		};
/* End PBXSourcesBuildPhase section */

/* Begin PBXTargetDependency section */
		AC0FA42F1AD5EA1D00375765 /* PBXTargetDependency */ = {
			isa = PBXTargetDependency;
			target = AC0FA4171AD5EA1D00375765 /* NighTTime-Prot */;
			targetProxy = AC0FA42E1AD5EA1D00375765 /* PBXContainerItemProxy */;
		};
/* End PBXTargetDependency section */

/* Begin PBXVariantGroup section */
		AC0FA4211AD5EA1D00375765 /* Main.storyboard */ = {
			isa = PBXVariantGroup;
			children = (
				AC0FA4221AD5EA1D00375765 /* Base */,
			);
			name = Main.storyboard;
			sourceTree = "<group>";
		};
		AC0FA4261AD5EA1D00375765 /* LaunchScreen.xib */ = {
			isa = PBXVariantGroup;
			children = (
				AC0FA4271AD5EA1D00375765 /* Base */,
			);
			name = LaunchScreen.xib;
			sourceTree = "<group>";
		};
/* End PBXVariantGroup section */

/* Begin XCBuildConfiguration section */
		AC0FA4351AD5EA1D00375765 /* Debug */ = {
			isa = XCBuildConfiguration;
			buildSettings = {
				ALWAYS_SEARCH_USER_PATHS = NO;
				CLANG_CXX_LANGUAGE_STANDARD = "gnu++0x";
				CLANG_CXX_LIBRARY = "libc++";
				CLANG_ENABLE_MODULES = YES;
				CLANG_ENABLE_OBJC_ARC = YES;
				CLANG_WARN_BOOL_CONVERSION = YES;
				CLANG_WARN_CONSTANT_CONVERSION = YES;
				CLANG_WARN_DIRECT_OBJC_ISA_USAGE = YES_ERROR;
				CLANG_WARN_EMPTY_BODY = YES;
				CLANG_WARN_ENUM_CONVERSION = YES;
				CLANG_WARN_INT_CONVERSION = YES;
				CLANG_WARN_OBJC_ROOT_CLASS = YES_ERROR;
				CLANG_WARN_UNREACHABLE_CODE = YES;
				CLANG_WARN__DUPLICATE_METHOD_MATCH = YES;
				"CODE_SIGN_IDENTITY[sdk=iphoneos*]" = "iPhone Developer";
				COPY_PHASE_STRIP = NO;
				ENABLE_STRICT_OBJC_MSGSEND = YES;
				GCC_C_LANGUAGE_STANDARD = gnu99;
				GCC_DYNAMIC_NO_PIC = NO;
				GCC_OPTIMIZATION_LEVEL = 0;
				GCC_PREPROCESSOR_DEFINITIONS = (
					"DEBUG=1",
					"$(inherited)",
				);
				GCC_SYMBOLS_PRIVATE_EXTERN = NO;
				GCC_WARN_64_TO_32_BIT_CONVERSION = YES;
				GCC_WARN_ABOUT_RETURN_TYPE = YES_ERROR;
				GCC_WARN_UNDECLARED_SELECTOR = YES;
				GCC_WARN_UNINITIALIZED_AUTOS = YES_AGGRESSIVE;
				GCC_WARN_UNUSED_FUNCTION = YES;
				GCC_WARN_UNUSED_VARIABLE = YES;
				IPHONEOS_DEPLOYMENT_TARGET = 8.2;
				MTL_ENABLE_DEBUG_INFO = YES;
				ONLY_ACTIVE_ARCH = YES;
				SDKROOT = iphoneos;
				SWIFT_OPTIMIZATION_LEVEL = "-Onone";
			};
			name = Debug;
		};
		AC0FA4361AD5EA1D00375765 /* Release */ = {
			isa = XCBuildConfiguration;
			buildSettings = {
				ALWAYS_SEARCH_USER_PATHS = NO;
				CLANG_CXX_LANGUAGE_STANDARD = "gnu++0x";
				CLANG_CXX_LIBRARY = "libc++";
				CLANG_ENABLE_MODULES = YES;
				CLANG_ENABLE_OBJC_ARC = YES;
				CLANG_WARN_BOOL_CONVERSION = YES;
				CLANG_WARN_CONSTANT_CONVERSION = YES;
				CLANG_WARN_DIRECT_OBJC_ISA_USAGE = YES_ERROR;
				CLANG_WARN_EMPTY_BODY = YES;
				CLANG_WARN_ENUM_CONVERSION = YES;
				CLANG_WARN_INT_CONVERSION = YES;
				CLANG_WARN_OBJC_ROOT_CLASS = YES_ERROR;
				CLANG_WARN_UNREACHABLE_CODE = YES;
				CLANG_WARN__DUPLICATE_METHOD_MATCH = YES;
				"CODE_SIGN_IDENTITY[sdk=iphoneos*]" = "iPhone Developer";
				COPY_PHASE_STRIP = NO;
				ENABLE_NS_ASSERTIONS = NO;
				ENABLE_STRICT_OBJC_MSGSEND = YES;
				GCC_C_LANGUAGE_STANDARD = gnu99;
				GCC_WARN_64_TO_32_BIT_CONVERSION = YES;
				GCC_WARN_ABOUT_RETURN_TYPE = YES_ERROR;
				GCC_WARN_UNDECLARED_SELECTOR = YES;
				GCC_WARN_UNINITIALIZED_AUTOS = YES_AGGRESSIVE;
				GCC_WARN_UNUSED_FUNCTION = YES;
				GCC_WARN_UNUSED_VARIABLE = YES;
				IPHONEOS_DEPLOYMENT_TARGET = 8.2;
				MTL_ENABLE_DEBUG_INFO = NO;
				SDKROOT = iphoneos;
				VALIDATE_PRODUCT = YES;
			};
			name = Release;
		};
		AC0FA4381AD5EA1D00375765 /* Debug */ = {
			isa = XCBuildConfiguration;
			baseConfigurationReference = 89D2749F6B5CAE01C63A1B9F /* Pods-NighTTime-Prot.debug.xcconfig */;
			buildSettings = {
				ASSETCATALOG_COMPILER_APPICON_NAME = AppIcon;
				CLANG_ENABLE_MODULES = YES;
				CODE_SIGN_IDENTITY = "iPhone Developer";
				"CODE_SIGN_IDENTITY[sdk=iphoneos*]" = "iPhone Developer";
				FRAMEWORK_SEARCH_PATHS = (
					"$(inherited)",
					"$(PROJECT_DIR)/SlideoutMenu",
				);
				INFOPLIST_FILE = SlideoutMenu/Info.plist;
				LD_RUNPATH_SEARCH_PATHS = "$(inherited) @executable_path/Frameworks";
				PRODUCT_NAME = "NighTTime-Prot";
				PROVISIONING_PROFILE = "";
				SWIFT_OBJC_BRIDGING_HEADER = "SlideoutMenu/SlideoutMenu-Bridging-Header.h";
				SWIFT_OPTIMIZATION_LEVEL = "-Onone";
			};
			name = Debug;
		};
		AC0FA4391AD5EA1D00375765 /* Release */ = {
			isa = XCBuildConfiguration;
			baseConfigurationReference = 329945ED94EBDA169F1385D2 /* Pods-NighTTime-Prot.release.xcconfig */;
			buildSettings = {
				ASSETCATALOG_COMPILER_APPICON_NAME = AppIcon;
				CLANG_ENABLE_MODULES = YES;
				CODE_SIGN_IDENTITY = "iPhone Developer";
				"CODE_SIGN_IDENTITY[sdk=iphoneos*]" = "iPhone Developer";
				FRAMEWORK_SEARCH_PATHS = (
					"$(inherited)",
					"$(PROJECT_DIR)/SlideoutMenu",
				);
				INFOPLIST_FILE = SlideoutMenu/Info.plist;
				LD_RUNPATH_SEARCH_PATHS = "$(inherited) @executable_path/Frameworks";
				PRODUCT_NAME = "NighTTime-Prot";
				PROVISIONING_PROFILE = "";
				SWIFT_OBJC_BRIDGING_HEADER = "SlideoutMenu/SlideoutMenu-Bridging-Header.h";
			};
			name = Release;
		};
		AC0FA43B1AD5EA1D00375765 /* Debug */ = {
			isa = XCBuildConfiguration;
			buildSettings = {
				BUNDLE_LOADER = "$(TEST_HOST)";
				FRAMEWORK_SEARCH_PATHS = (
					"$(SDKROOT)/Developer/Library/Frameworks",
					"$(inherited)",
				);
				GCC_PREPROCESSOR_DEFINITIONS = (
					"DEBUG=1",
					"$(inherited)",
				);
				INFOPLIST_FILE = SlideoutMenuTests/Info.plist;
				LD_RUNPATH_SEARCH_PATHS = "$(inherited) @executable_path/Frameworks @loader_path/Frameworks";
				PRODUCT_NAME = "NighTTime-Prot";
				TEST_HOST = "$(BUILT_PRODUCTS_DIR)/NighTTime-Prot.app/NighTTime-Prot";
			};
			name = Debug;
		};
		AC0FA43C1AD5EA1D00375765 /* Release */ = {
			isa = XCBuildConfiguration;
			buildSettings = {
				BUNDLE_LOADER = "$(TEST_HOST)";
				FRAMEWORK_SEARCH_PATHS = (
					"$(SDKROOT)/Developer/Library/Frameworks",
					"$(inherited)",
				);
				INFOPLIST_FILE = SlideoutMenuTests/Info.plist;
				LD_RUNPATH_SEARCH_PATHS = "$(inherited) @executable_path/Frameworks @loader_path/Frameworks";
				PRODUCT_NAME = "NighTTime-Prot";
				TEST_HOST = "$(BUILT_PRODUCTS_DIR)/NighTTime-Prot.app/NighTTime-Prot";
			};
			name = Release;
		};
/* End XCBuildConfiguration section */

/* Begin XCConfigurationList section */
		AC0FA4131AD5EA1D00375765 /* Build configuration list for PBXProject "NighTTime-Prot" */ = {
			isa = XCConfigurationList;
			buildConfigurations = (
				AC0FA4351AD5EA1D00375765 /* Debug */,
				AC0FA4361AD5EA1D00375765 /* Release */,
			);
			defaultConfigurationIsVisible = 0;
			defaultConfigurationName = Release;
		};
		AC0FA4371AD5EA1D00375765 /* Build configuration list for PBXNativeTarget "NighTTime-Prot" */ = {
			isa = XCConfigurationList;
			buildConfigurations = (
				AC0FA4381AD5EA1D00375765 /* Debug */,
				AC0FA4391AD5EA1D00375765 /* Release */,
			);
			defaultConfigurationIsVisible = 0;
			defaultConfigurationName = Release;
		};
		AC0FA43A1AD5EA1D00375765 /* Build configuration list for PBXNativeTarget "NighTTime-ProtTests" */ = {
			isa = XCConfigurationList;
			buildConfigurations = (
				AC0FA43B1AD5EA1D00375765 /* Debug */,
				AC0FA43C1AD5EA1D00375765 /* Release */,
			);
			defaultConfigurationIsVisible = 0;
			defaultConfigurationName = Release;
		};
/* End XCConfigurationList section */
	};
	rootObject = AC0FA4101AD5EA1D00375765 /* Project object */;
}
